
Microsoft Visual Studio Solution File, Format Version 12.00
# Visual Studio Version 17
VisualStudioVersion = 17.13.35825.156
MinimumVisualStudioVersion = 10.0.40219.1
Project("{FAE04EC0-301F-11D3-BF4B-00C04F79EFBC}") = "TaskManagement.Web", "TaskManagement\TaskManagement.Web.csproj", "{883C4030-E1E8-4834-A3A8-46EB9EAAAB1E}"
EndProject
Project("{FAE04EC0-301F-11D3-BF4B-00C04F79EFBC}") = "TaskManagement.Models", "TaskManagement.Models\TaskManagement.Models.csproj", "{2F9917B4-9F7A-467E-AACD-3200FEB3C1AE}"
EndProject
Project("{FAE04EC0-301F-11D3-BF4B-00C04F79EFBC}") = "TaskManagement.DataAccess", "TaskManagement.DataAccess\TaskManagement.DataAccess.csproj", "{C0B1B817-ABFF-4FD8-8D08-122C4FC1E79A}"
EndProject
Project("{FAE04EC0-301F-11D3-BF4B-00C04F79EFBC}") = "TaskManagement.Utility", "TaskManagement.Utility\TaskManagement.Utility.csproj", "{D948B9B3-3ACE-40F6-9DFF-DC9DC9BD764A}"
EndProject
Project("{FAE04EC0-301F-11D3-BF4B-00C04F79EFBC}") = "TaskManagementWeb.Api", "TaskManagementWeb.Api\TaskManagementWeb.Api.csproj", "{2975F6F6-3DB3-4CE7-BAC9-6776298DD88B}"
EndProject
Global
	GlobalSection(SolutionConfigurationPlatforms) = preSolution
		Debug|Any CPU = Debug|Any CPU
		Release|Any CPU = Release|Any CPU
	EndGlobalSection
	GlobalSection(ProjectConfigurationPlatforms) = postSolution
		{883C4030-E1E8-4834-A3A8-46EB9EAAAB1E}.Debug|Any CPU.ActiveCfg = Debug|Any CPU
		{883C4030-E1E8-4834-A3A8-46EB9EAAAB1E}.Debug|Any CPU.Build.0 = Debug|Any CPU
		{883C4030-E1E8-4834-A3A8-46EB9EAAAB1E}.Release|Any CPU.ActiveCfg = Release|Any CPU
		{883C4030-E1E8-4834-A3A8-46EB9EAAAB1E}.Release|Any CPU.Build.0 = Release|Any CPU
		{2F9917B4-9F7A-467E-AACD-3200FEB3C1AE}.Debug|Any CPU.ActiveCfg = Debug|Any CPU
		{2F9917B4-9F7A-467E-AACD-3200FEB3C1AE}.Debug|Any CPU.Build.0 = Debug|Any CPU
		{2F9917B4-9F7A-467E-AACD-3200FEB3C1AE}.Release|Any CPU.ActiveCfg = Release|Any CPU
		{2F9917B4-9F7A-467E-AACD-3200FEB3C1AE}.Release|Any CPU.Build.0 = Release|Any CPU
		{C0B1B817-ABFF-4FD8-8D08-122C4FC1E79A}.Debug|Any CPU.ActiveCfg = Debug|Any CPU
		{C0B1B817-ABFF-4FD8-8D08-122C4FC1E79A}.Debug|Any CPU.Build.0 = Debug|Any CPU
		{C0B1B817-ABFF-4FD8-8D08-122C4FC1E79A}.Release|Any CPU.ActiveCfg = Release|Any CPU
		{C0B1B817-ABFF-4FD8-8D08-122C4FC1E79A}.Release|Any CPU.Build.0 = Release|Any CPU
		{D948B9B3-3ACE-40F6-9DFF-DC9DC9BD764A}.Debug|Any CPU.ActiveCfg = Debug|Any CPU
		{D948B9B3-3ACE-40F6-9DFF-DC9DC9BD764A}.Debug|Any CPU.Build.0 = Debug|Any CPU
		{D948B9B3-3ACE-40F6-9DFF-DC9DC9BD764A}.Release|Any CPU.ActiveCfg = Release|Any CPU
		{D948B9B3-3ACE-40F6-9DFF-DC9DC9BD764A}.Release|Any CPU.Build.0 = Release|Any CPU
		{2975F6F6-3DB3-4CE7-BAC9-6776298DD88B}.Debug|Any CPU.ActiveCfg = Debug|Any CPU
		{2975F6F6-3DB3-4CE7-BAC9-6776298DD88B}.Debug|Any CPU.Build.0 = Debug|Any CPU
		{2975F6F6-3DB3-4CE7-BAC9-6776298DD88B}.Release|Any CPU.ActiveCfg = Release|Any CPU
		{2975F6F6-3DB3-4CE7-BAC9-6776298DD88B}.Release|Any CPU.Build.0 = Release|Any CPU
	EndGlobalSection
	GlobalSection(SolutionProperties) = preSolution
		HideSolutionNode = FALSE
	EndGlobalSection
	GlobalSection(ExtensibilityGlobals) = postSolution
		SolutionGuid = {40874B1E-DBE5-4324-80AD-199139A02EA6}
	EndGlobalSection
EndGlobal
